// !$*UTF8*$!
{
	archiveVersion = 1;
	classes = {
	};
	objectVersion = 77;
	objects = {

/* Begin PBXBuildFile section */
		07CC2C8982B38FE0814378E0 /* HomeViewModel.swift in Sources */ = {isa = PBXBuildFile; fileRef = 958EC6B605941705DAF2AF5C /* HomeViewModel.swift */; };
		2626D57B59B6C728AE7E9A17 /* MockURLProtocolTests.swift in Sources */ = {isa = PBXBuildFile; fileRef = DA5A6CCDB663C097ED91A6B2 /* MockURLProtocolTests.swift */; };
		3F7ABF7F98C9A9703FD81E79 /* Assets.xcassets in Resources */ = {isa = PBXBuildFile; fileRef = EC6E7C0CC5C0DE584C27F730 /* Assets.xcassets */; };
		40980EAE371314981A99D749 /* APIClient.swift in Sources */ = {isa = PBXBuildFile; fileRef = E3E7F5F57DBCC0CE37AE4131 /* APIClient.swift */; };
		58B30EA8911B340D4B8FA374 /* ApiResponse.swift in Sources */ = {isa = PBXBuildFile; fileRef = 731B287370C2AB239C0DBFC2 /* ApiResponse.swift */; };
		60E196CF6CAB1AE195FA7D1A /* HTTPMethod.swift in Sources */ = {isa = PBXBuildFile; fileRef = 6626CD4CB8649D6332A41E74 /* HTTPMethod.swift */; };
		6833172609BCDDB3BF16469E /* MallApp.swift in Sources */ = {isa = PBXBuildFile; fileRef = F54166322E926DF7E6BF0739 /* MallApp.swift */; };
		8E92FED4A4128F403FC9FF0F /* TokenStore.swift in Sources */ = {isa = PBXBuildFile; fileRef = 3C2487E7A47C6F5D5A1CDFAB /* TokenStore.swift */; };
		9D3494A93B5D9E2870CF6A06 /* PublishView.swift in Sources */ = {isa = PBXBuildFile; fileRef = 660B4AA6FC0B4518AEEB2153 /* PublishView.swift */; };
		A4FEF8B6DE255AB7F25EBE20 /* APIError.swift in Sources */ = {isa = PBXBuildFile; fileRef = 221CA533713833975B2E0D74 /* APIError.swift */; };
		CD960834E9CC4BC949556945 /* ApiResponseTests.swift in Sources */ = {isa = PBXBuildFile; fileRef = 7FDF069D3F5A53EE3720C8F8 /* ApiResponseTests.swift */; };
		D6965E2B7FE6D8C06AD94B93 /* MockURLProtocol.swift in Sources */ = {isa = PBXBuildFile; fileRef = 9EFD530406AE6C730E63D536 /* MockURLProtocol.swift */; };
		DF2365526B83629AAA193C1B /* HomeView.swift in Sources */ = {isa = PBXBuildFile; fileRef = 3192CE8E52538E9F9ACE197D /* HomeView.swift */; };
		E2A8E0732B6853BA7AD2FF0A /* PublishViewModel.swift in Sources */ = {isa = PBXBuildFile; fileRef = F30217FFF8B66A55347B6263 /* PublishViewModel.swift */; };
		E4522DEDBFE73C1FD91DC729 /* ProfileViewModel.swift in Sources */ = {isa = PBXBuildFile; fileRef = 3553884F638E3696CE2F6ACF /* ProfileViewModel.swift */; };
		ED66BB484CA8EEC49CA7E199 /* SmokeTests.swift in Sources */ = {isa = PBXBuildFile; fileRef = 70E20DF4C4C1493BDCC1A4AA /* SmokeTests.swift */; };
		F4DB27C568FA93321DDCBF4E /* ContentView.swift in Sources */ = {isa = PBXBuildFile; fileRef = 5297DDB6CB0C4DFF11C20612 /* ContentView.swift */; };
		F5A38386C2E7DB63B9CC14FB /* TokenStoreTests.swift in Sources */ = {isa = PBXBuildFile; fileRef = 4DC0D5FEAF564C8BBEB70F27 /* TokenStoreTests.swift */; };
		FE6AE5FD640C63F6A356B9B8 /* ProfileView.swift in Sources */ = {isa = PBXBuildFile; fileRef = 5852AECD1EDBA65F738B4778 /* ProfileView.swift */; };
/* End PBXBuildFile section */

/* Begin PBXContainerItemProxy section */
		BC9DE2A6C48BCE591FA48BE1 /* PBXContainerItemProxy */ = {
			isa = PBXContainerItemProxy;
			containerPortal = 4CD5B895B43B2D3C026599C5 /* Project object */;
			proxyType = 1;
			remoteGlobalIDString = 8596AD79E5066FBD18D8F6D8;
			remoteInfo = MallApp;
		};
/* End PBXContainerItemProxy section */

/* Begin PBXFileReference section */
		221CA533713833975B2E0D74 /* APIError.swift */ = {isa = PBXFileReference; lastKnownFileType = sourcecode.swift; path = APIError.swift; sourceTree = "<group>"; };
		3192CE8E52538E9F9ACE197D /* HomeView.swift */ = {isa = PBXFileReference; lastKnownFileType = sourcecode.swift; path = HomeView.swift; sourceTree = "<group>"; };
		3553884F638E3696CE2F6ACF /* ProfileViewModel.swift */ = {isa = PBXFileReference; lastKnownFileType = sourcecode.swift; path = ProfileViewModel.swift; sourceTree = "<group>"; };
		385D755371F69057446AFD46 /* MallAppTests.xctest */ = {isa = PBXFileReference; includeInIndex = 0; lastKnownFileType = wrapper.cfbundle; path = MallAppTests.xctest; sourceTree = BUILT_PRODUCTS_DIR; };
		3C2487E7A47C6F5D5A1CDFAB /* TokenStore.swift */ = {isa = PBXFileReference; lastKnownFileType = sourcecode.swift; path = TokenStore.swift; sourceTree = "<group>"; };
		4DC0D5FEAF564C8BBEB70F27 /* TokenStoreTests.swift */ = {isa = PBXFileReference; lastKnownFileType = sourcecode.swift; path = TokenStoreTests.swift; sourceTree = "<group>"; };
		5297DDB6CB0C4DFF11C20612 /* ContentView.swift */ = {isa = PBXFileReference; lastKnownFileType = sourcecode.swift; path = ContentView.swift; sourceTree = "<group>"; };
		5852AECD1EDBA65F738B4778 /* ProfileView.swift */ = {isa = PBXFileReference; lastKnownFileType = sourcecode.swift; path = ProfileView.swift; sourceTree = "<group>"; };
		660B4AA6FC0B4518AEEB2153 /* PublishView.swift */ = {isa = PBXFileReference; lastKnownFileType = sourcecode.swift; path = PublishView.swift; sourceTree = "<group>"; };
		6626CD4CB8649D6332A41E74 /* HTTPMethod.swift */ = {isa = PBXFileReference; lastKnownFileType = sourcecode.swift; path = HTTPMethod.swift; sourceTree = "<group>"; };
		70E20DF4C4C1493BDCC1A4AA /* SmokeTests.swift */ = {isa = PBXFileReference; lastKnownFileType = sourcecode.swift; path = SmokeTests.swift; sourceTree = "<group>"; };
		731B287370C2AB239C0DBFC2 /* ApiResponse.swift */ = {isa = PBXFileReference; lastKnownFileType = sourcecode.swift; path = ApiResponse.swift; sourceTree = "<group>"; };
		7FDF069D3F5A53EE3720C8F8 /* ApiResponseTests.swift */ = {isa = PBXFileReference; lastKnownFileType = sourcecode.swift; path = ApiResponseTests.swift; sourceTree = "<group>"; };
		958EC6B605941705DAF2AF5C /* HomeViewModel.swift */ = {isa = PBXFileReference; lastKnownFileType = sourcecode.swift; path = HomeViewModel.swift; sourceTree = "<group>"; };
		9EFD530406AE6C730E63D536 /* MockURLProtocol.swift */ = {isa = PBXFileReference; lastKnownFileType = sourcecode.swift; path = MockURLProtocol.swift; sourceTree = "<group>"; };
		B8C0814EBA8BCFA493C3A67E /* MallApp.app */ = {isa = PBXFileReference; includeInIndex = 0; lastKnownFileType = wrapper.application; path = MallApp.app; sourceTree = BUILT_PRODUCTS_DIR; };
		DA5A6CCDB663C097ED91A6B2 /* MockURLProtocolTests.swift */ = {isa = PBXFileReference; lastKnownFileType = sourcecode.swift; path = MockURLProtocolTests.swift; sourceTree = "<group>"; };
		E3E7F5F57DBCC0CE37AE4131 /* APIClient.swift */ = {isa = PBXFileReference; lastKnownFileType = sourcecode.swift; path = APIClient.swift; sourceTree = "<group>"; };
		EC6E7C0CC5C0DE584C27F730 /* Assets.xcassets */ = {isa = PBXFileReference; lastKnownFileType = folder.assetcatalog; path = Assets.xcassets; sourceTree = "<group>"; };
		F30217FFF8B66A55347B6263 /* PublishViewModel.swift */ = {isa = PBXFileReference; lastKnownFileType = sourcecode.swift; path = PublishViewModel.swift; sourceTree = "<group>"; };
		F54166322E926DF7E6BF0739 /* MallApp.swift */ = {isa = PBXFileReference; lastKnownFileType = sourcecode.swift; path = MallApp.swift; sourceTree = "<group>"; };
/* End PBXFileReference section */

/* Begin PBXGroup section */
		038F054F755BB8DCD3E65007 /* Auth */ = {
			isa = PBXGroup;
			children = (
				4DC0D5FEAF564C8BBEB70F27 /* TokenStoreTests.swift */,
			);
			path = Auth;
			sourceTree = "<group>";
		};
		0A005110F0CB908941DFF763 = {
			isa = PBXGroup;
			children = (
				60AEBD0025962C8CA300972E /* Core */,
				FC4657C7C555494D42A7087D /* Features */,
				EEDBA6DA56C801A11E10FA8C /* mall-ios */,
				4A9E8F870F7602D496FB6B0C /* MallAppTests */,
				42769AA88168C223153EFDF9 /* Resources */,
				A2178C5AA625B35EB35A0C53 /* Products */,
			);
			sourceTree = "<group>";
		};
		0A4015191F47CF1A4067FE51 /* Core */ = {
			isa = PBXGroup;
			children = (
				038F054F755BB8DCD3E65007 /* Auth */,
				58C76F751FE99E963F59D3E6 /* Network */,
			);
			path = Core;
			sourceTree = "<group>";
		};
		11794634F3BCFC1D359C72BE /* ViewModel */ = {
			isa = PBXGroup;
			children = (
				958EC6B605941705DAF2AF5C /* HomeViewModel.swift */,
			);
			path = ViewModel;
			sourceTree = "<group>";
		};
		1CCCF85500D9957D0C5674D8 /* ViewModel */ = {
			isa = PBXGroup;
			children = (
				3553884F638E3696CE2F6ACF /* ProfileViewModel.swift */,
			);
			path = ViewModel;
			sourceTree = "<group>";
		};
		42769AA88168C223153EFDF9 /* Resources */ = {
			isa = PBXGroup;
			children = (
				EC6E7C0CC5C0DE584C27F730 /* Assets.xcassets */,
			);
			path = Resources;
			sourceTree = "<group>";
		};
		477C7DA7357C62B7A1223B28 /* ViewModel */ = {
			isa = PBXGroup;
			children = (
				F30217FFF8B66A55347B6263 /* PublishViewModel.swift */,
			);
			path = ViewModel;
			sourceTree = "<group>";
		};
		4A9E8F870F7602D496FB6B0C /* MallAppTests */ = {
			isa = PBXGroup;
			children = (
				70E20DF4C4C1493BDCC1A4AA /* SmokeTests.swift */,
				0A4015191F47CF1A4067FE51 /* Core */,
				E588FF1363ABD5458CEE997D /* Support */,
			);
			path = MallAppTests;
			sourceTree = "<group>";
		};
		58C76F751FE99E963F59D3E6 /* Network */ = {
			isa = PBXGroup;
			children = (
				7FDF069D3F5A53EE3720C8F8 /* ApiResponseTests.swift */,
			);
			path = Network;
			sourceTree = "<group>";
		};
		60AEBD0025962C8CA300972E /* Core */ = {
			isa = PBXGroup;
			children = (
				D266AC47377E5E011B0017A7 /* Auth */,
				E0D6B3FA3431A0DD6041C302 /* Network */,
			);
			path = Core;
			sourceTree = "<group>";
		};
		689E6ED73D8474E99C3CC131 /* Home */ = {
			isa = PBXGroup;
			children = (
				D735E113A6C044A7C7E034BE /* View */,
				11794634F3BCFC1D359C72BE /* ViewModel */,
			);
			path = Home;
			sourceTree = "<group>";
		};
		7DFFC02B0C86E5624015CBBC /* Publish */ = {
			isa = PBXGroup;
			children = (
				E9D39D7F45D7C80EA3E81808 /* View */,
				477C7DA7357C62B7A1223B28 /* ViewModel */,
			);
			path = Publish;
			sourceTree = "<group>";
		};
		82FB41CAEE16DE93A439D3A0 /* View */ = {
			isa = PBXGroup;
			children = (
				5852AECD1EDBA65F738B4778 /* ProfileView.swift */,
			);
			path = View;
			sourceTree = "<group>";
		};
		A2178C5AA625B35EB35A0C53 /* Products */ = {
			isa = PBXGroup;
			children = (
				B8C0814EBA8BCFA493C3A67E /* MallApp.app */,
				385D755371F69057446AFD46 /* MallAppTests.xctest */,
			);
			name = Products;
			sourceTree = "<group>";
		};
		A4CD1576EDDE9EFA724CE9BA /* Profile */ = {
			isa = PBXGroup;
			children = (
				82FB41CAEE16DE93A439D3A0 /* View */,
				1CCCF85500D9957D0C5674D8 /* ViewModel */,
			);
			path = Profile;
			sourceTree = "<group>";
		};
		D266AC47377E5E011B0017A7 /* Auth */ = {
			isa = PBXGroup;
			children = (
				3C2487E7A47C6F5D5A1CDFAB /* TokenStore.swift */,
			);
			path = Auth;
			sourceTree = "<group>";
		};
		D735E113A6C044A7C7E034BE /* View */ = {
			isa = PBXGroup;
			children = (
				3192CE8E52538E9F9ACE197D /* HomeView.swift */,
			);
			path = View;
			sourceTree = "<group>";
		};
		E0D6B3FA3431A0DD6041C302 /* Network */ = {
			isa = PBXGroup;
			children = (
				E3E7F5F57DBCC0CE37AE4131 /* APIClient.swift */,
				221CA533713833975B2E0D74 /* APIError.swift */,
				731B287370C2AB239C0DBFC2 /* ApiResponse.swift */,
				6626CD4CB8649D6332A41E74 /* HTTPMethod.swift */,
			);
			path = Network;
			sourceTree = "<group>";
		};
		E588FF1363ABD5458CEE997D /* Support */ = {
			isa = PBXGroup;
			children = (
				9EFD530406AE6C730E63D536 /* MockURLProtocol.swift */,
				DA5A6CCDB663C097ED91A6B2 /* MockURLProtocolTests.swift */,
			);
			path = Support;
			sourceTree = "<group>";
		};
		E9D39D7F45D7C80EA3E81808 /* View */ = {
			isa = PBXGroup;
			children = (
				660B4AA6FC0B4518AEEB2153 /* PublishView.swift */,
			);
			path = View;
			sourceTree = "<group>";
		};
		EEDBA6DA56C801A11E10FA8C /* mall-ios */ = {
			isa = PBXGroup;
			children = (
				5297DDB6CB0C4DFF11C20612 /* ContentView.swift */,
				F54166322E926DF7E6BF0739 /* MallApp.swift */,
				60AEBD0025962C8CA300972E /* Core */,
				FC4657C7C555494D42A7087D /* Features */,
				42769AA88168C223153EFDF9 /* Resources */,
			);
			name = "mall-ios";
			path = .;
			sourceTree = "<group>";
		};
		FC4657C7C555494D42A7087D /* Features */ = {
			isa = PBXGroup;
			children = (
				689E6ED73D8474E99C3CC131 /* Home */,
				A4CD1576EDDE9EFA724CE9BA /* Profile */,
				7DFFC02B0C86E5624015CBBC /* Publish */,
			);
			path = Features;
			sourceTree = "<group>";
		};
/* End PBXGroup section */

/* Begin PBXNativeTarget section */
		8596AD79E5066FBD18D8F6D8 /* MallApp */ = {
			isa = PBXNativeTarget;
			buildConfigurationList = 8EC0840DCB0432268175FD9B /* Build configuration list for PBXNativeTarget "MallApp" */;
			buildPhases = (
				8F78A21C14605CB57FBB6C4B /* Sources */,
				80D3513D87D50EB6CAD728D0 /* Resources */,
			);
			buildRules = (
			);
			dependencies = (
			);
			name = MallApp;
			packageProductDependencies = (
			);
			productName = MallApp;
			productReference = B8C0814EBA8BCFA493C3A67E /* MallApp.app */;
			productType = "com.apple.product-type.application";
		};
		8B02D7C98BE5629D7990207A /* MallAppTests */ = {
			isa = PBXNativeTarget;
			buildConfigurationList = FC3781E423F81D62199096D9 /* Build configuration list for PBXNativeTarget "MallAppTests" */;
			buildPhases = (
				5DB8686424F3C1E8509D5522 /* Sources */,
			);
			buildRules = (
			);
			dependencies = (
				CE85DAABB2EEC2186BAE7F0F /* PBXTargetDependency */,
			);
			name = MallAppTests;
			packageProductDependencies = (
			);
			productName = MallAppTests;
			productReference = 385D755371F69057446AFD46 /* MallAppTests.xctest */;
			productType = "com.apple.product-type.bundle.unit-test";
		};
/* End PBXNativeTarget section */

/* Begin PBXProject section */
		4CD5B895B43B2D3C026599C5 /* Project object */ = {
			isa = PBXProject;
			attributes = {
				BuildIndependentTargetsInParallel = YES;
				LastUpgradeCheck = 1430;
				TargetAttributes = {
					8596AD79E5066FBD18D8F6D8 = {
						DevelopmentTeam = "";
					};
				};
			};
			buildConfigurationList = 2947931B78E7FF2F688D7D81 /* Build configuration list for PBXProject "MallApp" */;
			developmentRegion = en;
			hasScannedForEncodings = 0;
			knownRegions = (
				Base,
				en,
			);
			mainGroup = 0A005110F0CB908941DFF763;
			minimizedProjectReferenceProxies = 1;
			preferredProjectObjectVersion = 77;
			productRefGroup = A2178C5AA625B35EB35A0C53 /* Products */;
			projectDirPath = "";
			projectRoot = "";
			targets = (
				8596AD79E5066FBD18D8F6D8 /* MallApp */,
				8B02D7C98BE5629D7990207A /* MallAppTests */,
			);
		};
/* End PBXProject section */

/* Begin PBXResourcesBuildPhase section */
		80D3513D87D50EB6CAD728D0 /* Resources */ = {
			isa = PBXResourcesBuildPhase;
			buildActionMask = 2147483647;
			files = (
				3F7ABF7F98C9A9703FD81E79 /* Assets.xcassets in Resources */,
			);
			runOnlyForDeploymentPostprocessing = 0;
		};
/* End PBXResourcesBuildPhase section */

/* Begin PBXSourcesBuildPhase section */
		5DB8686424F3C1E8509D5522 /* Sources */ = {
			isa = PBXSourcesBuildPhase;
			buildActionMask = 2147483647;
			files = (
				CD960834E9CC4BC949556945 /* ApiResponseTests.swift in Sources */,
				D6965E2B7FE6D8C06AD94B93 /* MockURLProtocol.swift in Sources */,
				2626D57B59B6C728AE7E9A17 /* MockURLProtocolTests.swift in Sources */,
				ED66BB484CA8EEC49CA7E199 /* SmokeTests.swift in Sources */,
				F5A38386C2E7DB63B9CC14FB /* TokenStoreTests.swift in Sources */,
			);
			runOnlyForDeploymentPostprocessing = 0;
		};
		8F78A21C14605CB57FBB6C4B /* Sources */ = {
			isa = PBXSourcesBuildPhase;
			buildActionMask = 2147483647;
			files = (
				40980EAE371314981A99D749 /* APIClient.swift in Sources */,
				A4FEF8B6DE255AB7F25EBE20 /* APIError.swift in Sources */,
				58B30EA8911B340D4B8FA374 /* ApiResponse.swift in Sources */,
				F4DB27C568FA93321DDCBF4E /* ContentView.swift in Sources */,
				60E196CF6CAB1AE195FA7D1A /* HTTPMethod.swift in Sources */,
				DF2365526B83629AAA193C1B /* HomeView.swift in Sources */,
				07CC2C8982B38FE0814378E0 /* HomeViewModel.swift in Sources */,
				6833172609BCDDB3BF16469E /* MallApp.swift in Sources */,
				FE6AE5FD640C63F6A356B9B8 /* ProfileView.swift in Sources */,
				E4522DEDBFE73C1FD91DC729 /* ProfileViewModel.swift in Sources */,
				9D3494A93B5D9E2870CF6A06 /* PublishView.swift in Sources */,
				E2A8E0732B6853BA7AD2FF0A /* PublishViewModel.swift in Sources */,
				8E92FED4A4128F403FC9FF0F /* TokenStore.swift in Sources */,
			);
			runOnlyForDeploymentPostprocessing = 0;
		};
/* End PBXSourcesBuildPhase section */

/* Begin PBXTargetDependency section */
		CE85DAABB2EEC2186BAE7F0F /* PBXTargetDependency */ = {
			isa = PBXTargetDependency;
			target = 8596AD79E5066FBD18D8F6D8 /* MallApp */;
			targetProxy = BC9DE2A6C48BCE591FA48BE1 /* PBXContainerItemProxy */;
		};
/* End PBXTargetDependency section */

/* Begin XCBuildConfiguration section */
		5190DF45134BD3B942E598C8 /* Release */ = {
			isa = XCBuildConfiguration;
			buildSettings = {
				ALWAYS_SEARCH_USER_PATHS = NO;
				CLANG_ANALYZER_NONNULL = YES;
				CLANG_ANALYZER_NUMBER_OBJECT_CONVERSION = YES_AGGRESSIVE;
				CLANG_CXX_LANGUAGE_STANDARD = "gnu++14";
				CLANG_CXX_LIBRARY = "libc++";
				CLANG_ENABLE_MODULES = YES;
				CLANG_ENABLE_OBJC_ARC = YES;
				CLANG_ENABLE_OBJC_WEAK = YES;
				CLANG_WARN_BLOCK_CAPTURE_AUTORELEASING = YES;
				CLANG_WARN_BOOL_CONVERSION = YES;
				CLANG_WARN_COMMA = YES;
				CLANG_WARN_CONSTANT_CONVERSION = YES;
				CLANG_WARN_DEPRECATED_OBJC_IMPLEMENTATIONS = YES;
				CLANG_WARN_DIRECT_OBJC_ISA_USAGE = YES_ERROR;
				CLANG_WARN_DOCUMENTATION_COMMENTS = YES;
				CLANG_WARN_EMPTY_BODY = YES;
				CLANG_WARN_ENUM_CONVERSION = YES;
				CLANG_WARN_INFINITE_RECURSION = YES;
				CLANG_WARN_INT_CONVERSION = YES;
				CLANG_WARN_NON_LITERAL_NULL_CONVERSION = YES;
				CLANG_WARN_OBJC_IMPLICIT_RETAIN_SELF = YES;
				CLANG_WARN_OBJC_LITERAL_CONVERSION = YES;
				CLANG_WARN_OBJC_ROOT_CLASS = YES_ERROR;
				CLANG_WARN_QUOTED_INCLUDE_IN_FRAMEWORK_HEADER = YES;
				CLANG_WARN_RANGE_LOOP_ANALYSIS = YES;
				CLANG_WARN_STRICT_PROTOTYPES = YES;
				CLANG_WARN_SUSPICIOUS_MOVE = YES;
				CLANG_WARN_UNGUARDED_AVAILABILITY = YES_AGGRESSIVE;
				CLANG_WARN_UNREACHABLE_CODE = YES;
				CLANG_WARN__DUPLICATE_METHOD_MATCH = YES;
				COPY_PHASE_STRIP = NO;
				DEBUG_INFORMATION_FORMAT = "dwarf-with-dsym";
				ENABLE_NS_ASSERTIONS = NO;
				ENABLE_STRICT_OBJC_MSGSEND = YES;
				GCC_C_LANGUAGE_STANDARD = gnu11;
				GCC_NO_COMMON_BLOCKS = YES;
				GCC_WARN_64_TO_32_BIT_CONVERSION = YES;
				GCC_WARN_ABOUT_RETURN_TYPE = YES_ERROR;
				GCC_WARN_UNDECLARED_SELECTOR = YES;
				GCC_WARN_UNINITIALIZED_AUTOS = YES_AGGRESSIVE;
				GCC_WARN_UNUSED_FUNCTION = YES;
				GCC_WARN_UNUSED_VARIABLE = YES;
				IPHONEOS_DEPLOYMENT_TARGET = 17.0;
				MTL_ENABLE_DEBUG_INFO = NO;
				MTL_FAST_MATH = YES;
				PRODUCT_NAME = "$(TARGET_NAME)";
				SDKROOT = iphoneos;
				SWIFT_COMPILATION_MODE = wholemodule;
				SWIFT_OPTIMIZATION_LEVEL = "-O";
				SWIFT_VERSION = 5.0;
			};
			name = Release;
		};
		71DBAC049BFF113D5F5A33DB /* Release */ = {
			isa = XCBuildConfiguration;
			buildSettings = {
				ASSETCATALOG_COMPILER_APPICON_NAME = AppIcon;
				CODE_SIGN_IDENTITY = "iPhone Developer";
				CURRENT_PROJECT_VERSION = 1;
				DEVELOPMENT_TEAM = "";
				GENERATE_INFOPLIST_FILE = YES;
				IPHONEOS_DEPLOYMENT_TARGET = 17.0;
				LD_RUNPATH_SEARCH_PATHS = (
					"$(inherited)",
					"@executable_path/Frameworks",
				);
				MARKETING_VERSION = 1.0;
				PRODUCT_BUNDLE_IDENTIFIER = com.secondhandmall.MallApp;
				SDKROOT = iphoneos;
				SWIFT_VERSION = 5.9;
				TARGETED_DEVICE_FAMILY = "1,2";
			};
			name = Release;
		};
		7BDBCA778A39CF79AB44AAC3 /* Release */ = {
			isa = XCBuildConfiguration;
			buildSettings = {
				BUNDLE_LOADER = "$(TEST_HOST)";
				GENERATE_INFOPLIST_FILE = YES;
				IPHONEOS_DEPLOYMENT_TARGET = 17.0;
				LD_RUNPATH_SEARCH_PATHS = (
					"$(inherited)",
					"@executable_path/Frameworks",
					"@loader_path/Frameworks",
				);
				PRODUCT_BUNDLE_IDENTIFIER = com.secondhandmall.MallAppTests;
				SDKROOT = iphoneos;
				SWIFT_VERSION = 5.9;
				TARGETED_DEVICE_FAMILY = "1,2";
				TEST_HOST = "$(BUILT_PRODUCTS_DIR)/MallApp.app/MallApp";
			};
			name = Release;
		};
		81CA4FE42E484AC4D90B8CD7 /* Debug */ = {
			isa = XCBuildConfiguration;
			buildSettings = {
				BUNDLE_LOADER = "$(TEST_HOST)";
				GENERATE_INFOPLIST_FILE = YES;
				IPHONEOS_DEPLOYMENT_TARGET = 17.0;
				LD_RUNPATH_SEARCH_PATHS = (
					"$(inherited)",
					"@executable_path/Frameworks",
					"@loader_path/Frameworks",
				);
				PRODUCT_BUNDLE_IDENTIFIER = com.secondhandmall.MallAppTests;
				SDKROOT = iphoneos;
				SWIFT_VERSION = 5.9;
				TARGETED_DEVICE_FAMILY = "1,2";
				TEST_HOST = "$(BUILT_PRODUCTS_DIR)/MallApp.app/MallApp";
			};
			name = Debug;
		};
		8B9819C6F1F3FBECE4F598AC /* Debug */ = {
			isa = XCBuildConfiguration;
			buildSettings = {
				ALWAYS_SEARCH_USER_PATHS = NO;
				CLANG_ANALYZER_NONNULL = YES;
				CLANG_ANALYZER_NUMBER_OBJECT_CONVERSION = YES_AGGRESSIVE;
				CLANG_CXX_LANGUAGE_STANDARD = "gnu++14";
				CLANG_CXX_LIBRARY = "libc++";
				CLANG_ENABLE_MODULES = YES;
				CLANG_ENABLE_OBJC_ARC = YES;
				CLANG_ENABLE_OBJC_WEAK = YES;
				CLANG_WARN_BLOCK_CAPTURE_AUTORELEASING = YES;
				CLANG_WARN_BOOL_CONVERSION = YES;
				CLANG_WARN_COMMA = YES;
				CLANG_WARN_CONSTANT_CONVERSION = YES;
				CLANG_WARN_DEPRECATED_OBJC_IMPLEMENTATIONS = YES;
				CLANG_WARN_DIRECT_OBJC_ISA_USAGE = YES_ERROR;
				CLANG_WARN_DOCUMENTATION_COMMENTS = YES;
				CLANG_WARN_EMPTY_BODY = YES;
				CLANG_WARN_ENUM_CONVERSION = YES;
				CLANG_WARN_INFINITE_RECURSION = YES;
				CLANG_WARN_INT_CONVERSION = YES;
				CLANG_WARN_NON_LITERAL_NULL_CONVERSION = YES;
				CLANG_WARN_OBJC_IMPLICIT_RETAIN_SELF = YES;
				CLANG_WARN_OBJC_LITERAL_CONVERSION = YES;
				CLANG_WARN_OBJC_ROOT_CLASS = YES_ERROR;
				CLANG_WARN_QUOTED_INCLUDE_IN_FRAMEWORK_HEADER = YES;
				CLANG_WARN_RANGE_LOOP_ANALYSIS = YES;
				CLANG_WARN_STRICT_PROTOTYPES = YES;
				CLANG_WARN_SUSPICIOUS_MOVE = YES;
				CLANG_WARN_UNGUARDED_AVAILABILITY = YES_AGGRESSIVE;
				CLANG_WARN_UNREACHABLE_CODE = YES;
				CLANG_WARN__DUPLICATE_METHOD_MATCH = YES;
				COPY_PHASE_STRIP = NO;
				DEBUG_INFORMATION_FORMAT = dwarf;
				ENABLE_STRICT_OBJC_MSGSEND = YES;
				ENABLE_TESTABILITY = YES;
				GCC_C_LANGUAGE_STANDARD = gnu11;
				GCC_DYNAMIC_NO_PIC = NO;
				GCC_NO_COMMON_BLOCKS = YES;
				GCC_OPTIMIZATION_LEVEL = 0;
				GCC_PREPROCESSOR_DEFINITIONS = (
					"$(inherited)",
					"DEBUG=1",
				);
				GCC_WARN_64_TO_32_BIT_CONVERSION = YES;
				GCC_WARN_ABOUT_RETURN_TYPE = YES_ERROR;
				GCC_WARN_UNDECLARED_SELECTOR = YES;
				GCC_WARN_UNINITIALIZED_AUTOS = YES_AGGRESSIVE;
				GCC_WARN_UNUSED_FUNCTION = YES;
				GCC_WARN_UNUSED_VARIABLE = YES;
				IPHONEOS_DEPLOYMENT_TARGET = 17.0;
				MTL_ENABLE_DEBUG_INFO = INCLUDE_SOURCE;
				MTL_FAST_MATH = YES;
				ONLY_ACTIVE_ARCH = YES;
				PRODUCT_NAME = "$(TARGET_NAME)";
				SDKROOT = iphoneos;
				SWIFT_ACTIVE_COMPILATION_CONDITIONS = DEBUG;
				SWIFT_OPTIMIZATION_LEVEL = "-Onone";
				SWIFT_VERSION = 5.0;
			};
			name = Debug;
		};
		DFFB3FEE11BD4C85F4245BCB /* Debug */ = {
			isa = XCBuildConfiguration;
			buildSettings = {
				ASSETCATALOG_COMPILER_APPICON_NAME = AppIcon;
				CODE_SIGN_IDENTITY = "iPhone Developer";
				CURRENT_PROJECT_VERSION = 1;
				DEVELOPMENT_TEAM = "";
				GENERATE_INFOPLIST_FILE = YES;
				IPHONEOS_DEPLOYMENT_TARGET = 17.0;
				LD_RUNPATH_SEARCH_PATHS = (
					"$(inherited)",
					"@executable_path/Frameworks",
				);
				MARKETING_VERSION = 1.0;
				PRODUCT_BUNDLE_IDENTIFIER = com.secondhandmall.MallApp;
				SDKROOT = iphoneos;
				SWIFT_VERSION = 5.9;
				TARGETED_DEVICE_FAMILY = "1,2";
			};
			name = Debug;
		};
/* End XCBuildConfiguration section */

/* Begin XCConfigurationList section */
		2947931B78E7FF2F688D7D81 /* Build configuration list for PBXProject "MallApp" */ = {
			isa = XCConfigurationList;
			buildConfigurations = (
				8B9819C6F1F3FBECE4F598AC /* Debug */,
				5190DF45134BD3B942E598C8 /* Release */,
			);
			defaultConfigurationIsVisible = 0;
			defaultConfigurationName = Debug;
		};
		8EC0840DCB0432268175FD9B /* Build configuration list for PBXNativeTarget "MallApp" */ = {
			isa = XCConfigurationList;
			buildConfigurations = (
				DFFB3FEE11BD4C85F4245BCB /* Debug */,
				71DBAC049BFF113D5F5A33DB /* Release */,
			);
			defaultConfigurationIsVisible = 0;
			defaultConfigurationName = Debug;
		};
		FC3781E423F81D62199096D9 /* Build configuration list for PBXNativeTarget "MallAppTests" */ = {
			isa = XCConfigurationList;
			buildConfigurations = (
				81CA4FE42E484AC4D90B8CD7 /* Debug */,
				7BDBCA778A39CF79AB44AAC3 /* Release */,
			);
			defaultConfigurationIsVisible = 0;
			defaultConfigurationName = Debug;
		};
/* End XCConfigurationList section */
	};
	rootObject = 4CD5B895B43B2D3C026599C5 /* Project object */;
}
